// !$*UTF8*$!
{
	archiveVersion = 1;
	classes = {
	};
	objectVersion = 46;
	objects = {

/* Begin PBXBuildFile section */
		1CEA513A1BDE2A89003C65E2 /* AppDelegate.swift in Sources */ = {isa = PBXBuildFile; fileRef = 1CEA51391BDE2A89003C65E2 /* AppDelegate.swift */; };
		1CEA513C1BDE2A89003C65E2 /* ViewController.swift in Sources */ = {isa = PBXBuildFile; fileRef = 1CEA513B1BDE2A89003C65E2 /* ViewController.swift */; };
		1CEA513F1BDE2A89003C65E2 /* Main.storyboard in Resources */ = {isa = PBXBuildFile; fileRef = 1CEA513D1BDE2A89003C65E2 /* Main.storyboard */; };
		1CEA51411BDE2A89003C65E2 /* Assets.xcassets in Resources */ = {isa = PBXBuildFile; fileRef = 1CEA51401BDE2A89003C65E2 /* Assets.xcassets */; };
		1CEA51441BDE2A89003C65E2 /* LaunchScreen.storyboard in Resources */ = {isa = PBXBuildFile; fileRef = 1CEA51421BDE2A89003C65E2 /* LaunchScreen.storyboard */; };
		1CEA514F1BDE2A8A003C65E2 /* FirstDemoTests.swift in Sources */ = {isa = PBXBuildFile; fileRef = 1CEA514E1BDE2A8A003C65E2 /* FirstDemoTests.swift */; };
		1CEA515A1BDE2A8A003C65E2 /* FirstDemoUITests.swift in Sources */ = {isa = PBXBuildFile; fileRef = 1CEA51591BDE2A8A003C65E2 /* FirstDemoUITests.swift */; };
/* End PBXBuildFile section */

/* Begin PBXContainerItemProxy section */
		1CEA514B1BDE2A8A003C65E2 /* PBXContainerItemProxy */ = {
			isa = PBXContainerItemProxy;
			containerPortal = 1CEA512E1BDE2A89003C65E2 /* Project object */;
			proxyType = 1;
			remoteGlobalIDString = 1CEA51351BDE2A89003C65E2;
			remoteInfo = FirstDemo;
		};
		1CEA51561BDE2A8A003C65E2 /* PBXContainerItemProxy */ = {
			isa = PBXContainerItemProxy;
			containerPortal = 1CEA512E1BDE2A89003C65E2 /* Project object */;
			proxyType = 1;
			remoteGlobalIDString = 1CEA51351BDE2A89003C65E2;
			remoteInfo = FirstDemo;
		};
/* End PBXContainerItemProxy section */

/* Begin PBXFileReference section */
		1CEA51361BDE2A89003C65E2 /* FirstDemo.app */ = {isa = PBXFileReference; explicitFileType = wrapper.application; includeInIndex = 0; path = FirstDemo.app; sourceTree = BUILT_PRODUCTS_DIR; };
		1CEA51391BDE2A89003C65E2 /* AppDelegate.swift */ = {isa = PBXFileReference; lastKnownFileType = sourcecode.swift; path = AppDelegate.swift; sourceTree = "<group>"; };
		1CEA513B1BDE2A89003C65E2 /* ViewController.swift */ = {isa = PBXFileReference; lastKnownFileType = sourcecode.swift; path = ViewController.swift; sourceTree = "<group>"; };
		1CEA513E1BDE2A89003C65E2 /* Base */ = {isa = PBXFileReference; lastKnownFileType = file.storyboard; name = Base; path = Base.lproj/Main.storyboard; sourceTree = "<group>"; };
		1CEA51401BDE2A89003C65E2 /* Assets.xcassets */ = {isa = PBXFileReference; lastKnownFileType = folder.assetcatalog; path = Assets.xcassets; sourceTree = "<group>"; };
		1CEA51431BDE2A89003C65E2 /* Base */ = {isa = PBXFileReference; lastKnownFileType = file.storyboard; name = Base; path = Base.lproj/LaunchScreen.storyboard; sourceTree = "<group>"; };
		1CEA51451BDE2A89003C65E2 /* Info.plist */ = {isa = PBXFileReference; lastKnownFileType = text.plist.xml; path = Info.plist; sourceTree = "<group>"; };
		1CEA514A1BDE2A8A003C65E2 /* FirstDemoTests.xctest */ = {isa = PBXFileReference; explicitFileType = wrapper.cfbundle; includeInIndex = 0; path = FirstDemoTests.xctest; sourceTree = BUILT_PRODUCTS_DIR; };
		1CEA514E1BDE2A8A003C65E2 /* FirstDemoTests.swift */ = {isa = PBXFileReference; lastKnownFileType = sourcecode.swift; path = FirstDemoTests.swift; sourceTree = "<group>"; };
		1CEA51501BDE2A8A003C65E2 /* Info.plist */ = {isa = PBXFileReference; lastKnownFileType = text.plist.xml; path = Info.plist; sourceTree = "<group>"; };
		1CEA51551BDE2A8A003C65E2 /* FirstDemoUITests.xctest */ = {isa = PBXFileReference; explicitFileType = wrapper.cfbundle; includeInIndex = 0; path = FirstDemoUITests.xctest; sourceTree = BUILT_PRODUCTS_DIR; };
		1CEA51591BDE2A8A003C65E2 /* FirstDemoUITests.swift */ = {isa = PBXFileReference; lastKnownFileType = sourcecode.swift; path = FirstDemoUITests.swift; sourceTree = "<group>"; };
		1CEA515B1BDE2A8A003C65E2 /* Info.plist */ = {isa = PBXFileReference; lastKnownFileType = text.plist.xml; path = Info.plist; sourceTree = "<group>"; };
/* End PBXFileReference section */

/* Begin PBXFrameworksBuildPhase section */
		1CEA51331BDE2A89003C65E2 /* Frameworks */ = {
			isa = PBXFrameworksBuildPhase;
			buildActionMask = 2147483647;
			files = (
			);
			runOnlyForDeploymentPostprocessing = 0;
		};
		1CEA51471BDE2A8A003C65E2 /* Frameworks */ = {
			isa = PBXFrameworksBuildPhase;
			buildActionMask = 2147483647;
			files = (
			);
			runOnlyForDeploymentPostprocessing = 0;
		};
		1CEA51521BDE2A8A003C65E2 /* Frameworks */ = {
			isa = PBXFrameworksBuildPhase;
			buildActionMask = 2147483647;
			files = (
			);
			runOnlyForDeploymentPostprocessing = 0;
		};
/* End PBXFrameworksBuildPhase section */

/* Begin PBXGroup section */
		1CEA512D1BDE2A89003C65E2 = {
			isa = PBXGroup;
			children = (
				1CEA51381BDE2A89003C65E2 /* FirstDemo */,
				1CEA514D1BDE2A8A003C65E2 /* FirstDemoTests */,
				1CEA51581BDE2A8A003C65E2 /* FirstDemoUITests */,
				1CEA51371BDE2A89003C65E2 /* Products */,
			);
			sourceTree = "<group>";
		};
		1CEA51371BDE2A89003C65E2 /* Products */ = {
			isa = PBXGroup;
			children = (
				1CEA51361BDE2A89003C65E2 /* FirstDemo.app */,
				1CEA514A1BDE2A8A003C65E2 /* FirstDemoTests.xctest */,
				1CEA51551BDE2A8A003C65E2 /* FirstDemoUITests.xctest */,
			);
			name = Products;
			sourceTree = "<group>";
		};
		1CEA51381BDE2A89003C65E2 /* FirstDemo */ = {
			isa = PBXGroup;
			children = (
				1CEA51391BDE2A89003C65E2 /* AppDelegate.swift */,
				1CEA513B1BDE2A89003C65E2 /* ViewController.swift */,
				1CEA513D1BDE2A89003C65E2 /* Main.storyboard */,
				1CEA51401BDE2A89003C65E2 /* Assets.xcassets */,
				1CEA51421BDE2A89003C65E2 /* LaunchScreen.storyboard */,
				1CEA51451BDE2A89003C65E2 /* Info.plist */,
			);
			path = FirstDemo;
			sourceTree = "<group>";
		};
		1CEA514D1BDE2A8A003C65E2 /* FirstDemoTests */ = {
			isa = PBXGroup;
			children = (
				1CEA514E1BDE2A8A003C65E2 /* FirstDemoTests.swift */,
				1CEA51501BDE2A8A003C65E2 /* Info.plist */,
			);
			path = FirstDemoTests;
			sourceTree = "<group>";
		};
		1CEA51581BDE2A8A003C65E2 /* FirstDemoUITests */ = {
			isa = PBXGroup;
			children = (
				1CEA51591BDE2A8A003C65E2 /* FirstDemoUITests.swift */,
				1CEA515B1BDE2A8A003C65E2 /* Info.plist */,
			);
			path = FirstDemoUITests;
			sourceTree = "<group>";
		};
/* End PBXGroup section */

/* Begin PBXNativeTarget section */
		1CEA51351BDE2A89003C65E2 /* FirstDemo */ = {
			isa = PBXNativeTarget;
			buildConfigurationList = 1CEA515E1BDE2A8A003C65E2 /* Build configuration list for PBXNativeTarget "FirstDemo" */;
			buildPhases = (
				1CEA51321BDE2A89003C65E2 /* Sources */,
				1CEA51331BDE2A89003C65E2 /* Frameworks */,
				1CEA51341BDE2A89003C65E2 /* Resources */,
			);
			buildRules = (
			);
			dependencies = (
			);
			name = FirstDemo;
			productName = FirstDemo;
			productReference = 1CEA51361BDE2A89003C65E2 /* FirstDemo.app */;
			productType = "com.apple.product-type.application";
		};
		1CEA51491BDE2A8A003C65E2 /* FirstDemoTests */ = {
			isa = PBXNativeTarget;
			buildConfigurationList = 1CEA51611BDE2A8A003C65E2 /* Build configuration list for PBXNativeTarget "FirstDemoTests" */;
			buildPhases = (
				1CEA51461BDE2A8A003C65E2 /* Sources */,
				1CEA51471BDE2A8A003C65E2 /* Frameworks */,
				1CEA51481BDE2A8A003C65E2 /* Resources */,
			);
			buildRules = (
			);
			dependencies = (
				1CEA514C1BDE2A8A003C65E2 /* PBXTargetDependency */,
			);
			name = FirstDemoTests;
			productName = FirstDemoTests;
			productReference = 1CEA514A1BDE2A8A003C65E2 /* FirstDemoTests.xctest */;
			productType = "com.apple.product-type.bundle.unit-test";
		};
		1CEA51541BDE2A8A003C65E2 /* FirstDemoUITests */ = {
			isa = PBXNativeTarget;
			buildConfigurationList = 1CEA51641BDE2A8A003C65E2 /* Build configuration list for PBXNativeTarget "FirstDemoUITests" */;
			buildPhases = (
				1CEA51511BDE2A8A003C65E2 /* Sources */,
				1CEA51521BDE2A8A003C65E2 /* Frameworks */,
				1CEA51531BDE2A8A003C65E2 /* Resources */,
			);
			buildRules = (
			);
			dependencies = (
				1CEA51571BDE2A8A003C65E2 /* PBXTargetDependency */,
			);
			name = FirstDemoUITests;
			productName = FirstDemoUITests;
			productReference = 1CEA51551BDE2A8A003C65E2 /* FirstDemoUITests.xctest */;
			productType = "com.apple.product-type.bundle.ui-testing";
		};
/* End PBXNativeTarget section */

/* Begin PBXProject section */
		1CEA512E1BDE2A89003C65E2 /* Project object */ = {
			isa = PBXProject;
			attributes = {
				LastUpgradeCheck = 0700;
				ORGANIZATIONNAME = "Soleil Studio";
				TargetAttributes = {
					1CEA51351BDE2A89003C65E2 = {
						CreatedOnToolsVersion = 7.0.1;
					};
					1CEA51491BDE2A8A003C65E2 = {
						CreatedOnToolsVersion = 7.0.1;
						TestTargetID = 1CEA51351BDE2A89003C65E2;
					};
					1CEA51541BDE2A8A003C65E2 = {
						CreatedOnToolsVersion = 7.0.1;
						TestTargetID = 1CEA51351BDE2A89003C65E2;
					};
				};
			};
			buildConfigurationList = 1CEA51311BDE2A89003C65E2 /* Build configuration list for PBXProject "FirstDemo" */;
			compatibilityVersion = "Xcode 3.2";
			developmentRegion = English;
			hasScannedForEncodings = 0;
			knownRegions = (
				en,
				Base,
			);
			mainGroup = 1CEA512D1BDE2A89003C65E2;
			productRefGroup = 1CEA51371BDE2A89003C65E2 /* Products */;
			projectDirPath = "";
			projectRoot = "";
			targets = (
				1CEA51351BDE2A89003C65E2 /* FirstDemo */,
				1CEA51491BDE2A8A003C65E2 /* FirstDemoTests */,
				1CEA51541BDE2A8A003C65E2 /* FirstDemoUITests */,
			);
		};
/* End PBXProject section */

/* Begin PBXResourcesBuildPhase section */
		1CEA51341BDE2A89003C65E2 /* Resources */ = {
			isa = PBXResourcesBuildPhase;
			buildActionMask = 2147483647;
			files = (
				1CEA51441BDE2A89003C65E2 /* LaunchScreen.storyboard in Resources */,
				1CEA51411BDE2A89003C65E2 /* Assets.xcassets in Resources */,
				1CEA513F1BDE2A89003C65E2 /* Main.storyboard in Resources */,
			);
			runOnlyForDeploymentPostprocessing = 0;
		};
		1CEA51481BDE2A8A003C65E2 /* Resources */ = {
			isa = PBXResourcesBuildPhase;
			buildActionMask = 2147483647;
			files = (
			);
			runOnlyForDeploymentPostprocessing = 0;
		};
		1CEA51531BDE2A8A003C65E2 /* Resources */ = {
			isa = PBXResourcesBuildPhase;
			buildActionMask = 2147483647;
			files = (
			);
			runOnlyForDeploymentPostprocessing = 0;
		};
/* End PBXResourcesBuildPhase section */

/* Begin PBXSourcesBuildPhase section */
		1CEA51321BDE2A89003C65E2 /* Sources */ = {
			isa = PBXSourcesBuildPhase;
			buildActionMask = 2147483647;
			files = (
				1CEA513C1BDE2A89003C65E2 /* ViewController.swift in Sources */,
				1CEA513A1BDE2A89003C65E2 /* AppDelegate.swift in Sources */,
			);
			runOnlyForDeploymentPostprocessing = 0;
		};
		1CEA51461BDE2A8A003C65E2 /* Sources */ = {
			isa = PBXSourcesBuildPhase;
			buildActionMask = 2147483647;
			files = (
				1CEA514F1BDE2A8A003C65E2 /* FirstDemoTests.swift in Sources */,
			);
			runOnlyForDeploymentPostprocessing = 0;
		};
		1CEA51511BDE2A8A003C65E2 /* Sources */ = {
			isa = PBXSourcesBuildPhase;
			buildActionMask = 2147483647;
			files = (
				1CEA515A1BDE2A8A003C65E2 /* FirstDemoUITests.swift in Sources */,
			);
			runOnlyForDeploymentPostprocessing = 0;
		};
/* End PBXSourcesBuildPhase section */

/* Begin PBXTargetDependency section */
		1CEA514C1BDE2A8A003C65E2 /* PBXTargetDependency */ = {
			isa = PBXTargetDependency;
			target = 1CEA51351BDE2A89003C65E2 /* FirstDemo */;
			targetProxy = 1CEA514B1BDE2A8A003C65E2 /* PBXContainerItemProxy */;
		};
		1CEA51571BDE2A8A003C65E2 /* PBXTargetDependency */ = {
			isa = PBXTargetDependency;
			target = 1CEA51351BDE2A89003C65E2 /* FirstDemo */;
			targetProxy = 1CEA51561BDE2A8A003C65E2 /* PBXContainerItemProxy */;
		};
/* End PBXTargetDependency section */

/* Begin PBXVariantGroup section */
		1CEA513D1BDE2A89003C65E2 /* Main.storyboard */ = {
			isa = PBXVariantGroup;
			children = (
				1CEA513E1BDE2A89003C65E2 /* Base */,
			);
			name = Main.storyboard;
			sourceTree = "<group>";
		};
		1CEA51421BDE2A89003C65E2 /* LaunchScreen.storyboard */ = {
			isa = PBXVariantGroup;
			children = (
				1CEA51431BDE2A89003C65E2 /* Base */,
			);
			name = LaunchScreen.storyboard;
			sourceTree = "<group>";
		};
/* End PBXVariantGroup section */

/* Begin XCBuildConfiguration section */
		1CEA515C1BDE2A8A003C65E2 /* Debug */ = {
			isa = XCBuildConfiguration;
			buildSettings = {
				ALWAYS_SEARCH_USER_PATHS = NO;
				CLANG_CXX_LANGUAGE_STANDARD = "gnu++0x";
				CLANG_CXX_LIBRARY = "libc++";
				CLANG_ENABLE_MODULES = YES;
				CLANG_ENABLE_OBJC_ARC = YES;
				CLANG_WARN_BOOL_CONVERSION = YES;
				CLANG_WARN_CONSTANT_CONVERSION = YES;
				CLANG_WARN_DIRECT_OBJC_ISA_USAGE = YES_ERROR;
				CLANG_WARN_EMPTY_BODY = YES;
				CLANG_WARN_ENUM_CONVERSION = YES;
				CLANG_WARN_INT_CONVERSION = YES;
				CLANG_WARN_OBJC_ROOT_CLASS = YES_ERROR;
				CLANG_WARN_UNREACHABLE_CODE = YES;
				CLANG_WARN__DUPLICATE_METHOD_MATCH = YES;
				"CODE_SIGN_IDENTITY[sdk=iphoneos*]" = "iPhone Developer";
				COPY_PHASE_STRIP = NO;
				DEBUG_INFORMATION_FORMAT = dwarf;
				ENABLE_STRICT_OBJC_MSGSEND = YES;
				ENABLE_TESTABILITY = YES;
				GCC_C_LANGUAGE_STANDARD = gnu99;
				GCC_DYNAMIC_NO_PIC = NO;
				GCC_NO_COMMON_BLOCKS = YES;
				GCC_OPTIMIZATION_LEVEL = 0;
				GCC_PREPROCESSOR_DEFINITIONS = (
					"DEBUG=1",
					"$(inherited)",
				);
				GCC_WARN_64_TO_32_BIT_CONVERSION = YES;
				GCC_WARN_ABOUT_RETURN_TYPE = YES_ERROR;
				GCC_WARN_UNDECLARED_SELECTOR = YES;
				GCC_WARN_UNINITIALIZED_AUTOS = YES_AGGRESSIVE;
				GCC_WARN_UNUSED_FUNCTION = YES;
				GCC_WARN_UNUSED_VARIABLE = YES;
				IPHONEOS_DEPLOYMENT_TARGET = 9.0;
				MTL_ENABLE_DEBUG_INFO = YES;
				ONLY_ACTIVE_ARCH = YES;
				SDKROOT = iphoneos;
				SWIFT_OPTIMIZATION_LEVEL = "-Onone";
			};
			name = Debug;
		};
		1CEA515D1BDE2A8A003C65E2 /* Release */ = {
			isa = XCBuildConfiguration;
			buildSettings = {
				ALWAYS_SEARCH_USER_PATHS = NO;
				CLANG_CXX_LANGUAGE_STANDARD = "gnu++0x";
				CLANG_CXX_LIBRARY = "libc++";
				CLANG_ENABLE_MODULES = YES;
				CLANG_ENABLE_OBJC_ARC = YES;
				CLANG_WARN_BOOL_CONVERSION = YES;
				CLANG_WARN_CONSTANT_CONVERSION = YES;
				CLANG_WARN_DIRECT_OBJC_ISA_USAGE = YES_ERROR;
				CLANG_WARN_EMPTY_BODY = YES;
				CLANG_WARN_ENUM_CONVERSION = YES;
				CLANG_WARN_INT_CONVERSION = YES;
				CLANG_WARN_OBJC_ROOT_CLASS = YES_ERROR;
				CLANG_WARN_UNREACHABLE_CODE = YES;
				CLANG_WARN__DUPLICATE_METHOD_MATCH = YES;
				"CODE_SIGN_IDENTITY[sdk=iphoneos*]" = "iPhone Developer";
				COPY_PHASE_STRIP = NO;
				DEBUG_INFORMATION_FORMAT = "dwarf-with-dsym";
				ENABLE_NS_ASSERTIONS = NO;
				ENABLE_STRICT_OBJC_MSGSEND = YES;
				GCC_C_LANGUAGE_STANDARD = gnu99;
				GCC_NO_COMMON_BLOCKS = YES;
				GCC_WARN_64_TO_32_BIT_CONVERSION = YES;
				GCC_WARN_ABOUT_RETURN_TYPE = YES_ERROR;
				GCC_WARN_UNDECLARED_SELECTOR = YES;
				GCC_WARN_UNINITIALIZED_AUTOS = YES_AGGRESSIVE;
				GCC_WARN_UNUSED_FUNCTION = YES;
				GCC_WARN_UNUSED_VARIABLE = YES;
				IPHONEOS_DEPLOYMENT_TARGET = 9.0;
				MTL_ENABLE_DEBUG_INFO = NO;
				SDKROOT = iphoneos;
				VALIDATE_PRODUCT = YES;
			};
			name = Release;
		};
		1CEA515F1BDE2A8A003C65E2 /* Debug */ = {
			isa = XCBuildConfiguration;
			buildSettings = {
				ASSETCATALOG_COMPILER_APPICON_NAME = AppIcon;
				INFOPLIST_FILE = FirstDemo/Info.plist;
				LD_RUNPATH_SEARCH_PATHS = "$(inherited) @executable_path/Frameworks";
				PRODUCT_BUNDLE_IDENTIFIER = tw.soleil.FirstDemo;
				PRODUCT_NAME = "$(TARGET_NAME)";
			};
			name = Debug;
		};
		1CEA51601BDE2A8A003C65E2 /* Release */ = {
			isa = XCBuildConfiguration;
			buildSettings = {
				ASSETCATALOG_COMPILER_APPICON_NAME = AppIcon;
				INFOPLIST_FILE = FirstDemo/Info.plist;
				LD_RUNPATH_SEARCH_PATHS = "$(inherited) @executable_path/Frameworks";
				PRODUCT_BUNDLE_IDENTIFIER = tw.soleil.FirstDemo;
				PRODUCT_NAME = "$(TARGET_NAME)";
			};
			name = Release;
		};
		1CEA51621BDE2A8A003C65E2 /* Debug */ = {
			isa = XCBuildConfiguration;
			buildSettings = {
				BUNDLE_LOADER = "$(TEST_HOST)";
				INFOPLIST_FILE = FirstDemoTests/Info.plist;
				LD_RUNPATH_SEARCH_PATHS = "$(inherited) @executable_path/Frameworks @loader_path/Frameworks";
				PRODUCT_BUNDLE_IDENTIFIER = tw.soleil.FirstDemoTests;
				PRODUCT_NAME = "$(TARGET_NAME)";
				TEST_HOST = "$(BUILT_PRODUCTS_DIR)/FirstDemo.app/FirstDemo";
			};
			name = Debug;
		};
		1CEA51631BDE2A8A003C65E2 /* Release */ = {
			isa = XCBuildConfiguration;
			buildSettings = {
				BUNDLE_LOADER = "$(TEST_HOST)";
				INFOPLIST_FILE = FirstDemoTests/Info.plist;
				LD_RUNPATH_SEARCH_PATHS = "$(inherited) @executable_path/Frameworks @loader_path/Frameworks";
				PRODUCT_BUNDLE_IDENTIFIER = tw.soleil.FirstDemoTests;
				PRODUCT_NAME = "$(TARGET_NAME)";
				TEST_HOST = "$(BUILT_PRODUCTS_DIR)/FirstDemo.app/FirstDemo";
			};
			name = Release;
		};
		1CEA51651BDE2A8A003C65E2 /* Debug */ = {
			isa = XCBuildConfiguration;
			buildSettings = {
				INFOPLIST_FILE = FirstDemoUITests/Info.plist;
				LD_RUNPATH_SEARCH_PATHS = "$(inherited) @executable_path/Frameworks @loader_path/Frameworks";
				PRODUCT_BUNDLE_IDENTIFIER = tw.soleil.FirstDemoUITests;
				PRODUCT_NAME = "$(TARGET_NAME)";
				TEST_TARGET_NAME = FirstDemo;
				USES_XCTRUNNER = YES;
			};
			name = Debug;
		};
		1CEA51661BDE2A8A003C65E2 /* Release */ = {
			isa = XCBuildConfiguration;
			buildSettings = {
				INFOPLIST_FILE = FirstDemoUITests/Info.plist;
				LD_RUNPATH_SEARCH_PATHS = "$(inherited) @executable_path/Frameworks @loader_path/Frameworks";
				PRODUCT_BUNDLE_IDENTIFIER = tw.soleil.FirstDemoUITests;
				PRODUCT_NAME = "$(TARGET_NAME)";
				TEST_TARGET_NAME = FirstDemo;
				USES_XCTRUNNER = YES;
			};
			name = Release;
		};
/* End XCBuildConfiguration section */

/* Begin XCConfigurationList section */
		1CEA51311BDE2A89003C65E2 /* Build configuration list for PBXProject "FirstDemo" */ = {
			isa = XCConfigurationList;
			buildConfigurations = (
				1CEA515C1BDE2A8A003C65E2 /* Debug */,
				1CEA515D1BDE2A8A003C65E2 /* Release */,
			);
			defaultConfigurationIsVisible = 0;
			defaultConfigurationName = Release;
		};
		1CEA515E1BDE2A8A003C65E2 /* Build configuration list for PBXNativeTarget "FirstDemo" */ = {
			isa = XCConfigurationList;
			buildConfigurations = (
				1CEA515F1BDE2A8A003C65E2 /* Debug */,
				1CEA51601BDE2A8A003C65E2 /* Release */,
			);
			defaultConfigurationIsVisible = 0;
		};
		1CEA51611BDE2A8A003C65E2 /* Build configuration list for PBXNativeTarget "FirstDemoTests" */ = {
			isa = XCConfigurationList;
			buildConfigurations = (
				1CEA51621BDE2A8A003C65E2 /* Debug */,
				1CEA51631BDE2A8A003C65E2 /* Release */,
			);
			defaultConfigurationIsVisible = 0;
		};
		1CEA51641BDE2A8A003C65E2 /* Build configuration list for PBXNativeTarget "FirstDemoUITests" */ = {
			isa = XCConfigurationList;
			buildConfigurations = (
				1CEA51651BDE2A8A003C65E2 /* Debug */,
				1CEA51661BDE2A8A003C65E2 /* Release */,
			);
			defaultConfigurationIsVisible = 0;
		};
/* End XCConfigurationList section */
	};
	rootObject = 1CEA512E1BDE2A89003C65E2 /* Project object */;
}
